{
  "object": {
    "pins": [
      {
        "package": "SPMDepsLibraryA",
        "repositoryURL": "https://github.com/bamx23/spm-deps-library-a.git",
        "state": {
          "branch": null,
          "revision": "b0c6c32d19dfaac1bdfdfcc4c604c9395eb55779",
          "version": "1.1.0-rc.1"
        }
      },
      {
        "package": "SPMDepsLibraryB",
        "repositoryURL": "https://github.com/bamx23/spm-deps-library-b.git",
        "state": {
          "branch": null,
          "revision": "69695072fa2f5a68aa2100b9bc8ff06709f08ca1",
          "version": "10.0.0"
        }
      }
    ]
  },
  "version": 1
}
